
Microsoft Visual Studio Solution File, Format Version 12.00
# Visual Studio Version 17
VisualStudioVersion = 17.7.34024.191
MinimumVisualStudioVersion = 10.0.40219.1
Project("{FAE04EC0-301F-11D3-BF4B-00C04F79EFBC}") = "HomeworkDiary", "HomeworkDiary\HomeworkDiary.csproj", "{5A230D2A-B47B-49A1-9920-3E257733E6BF}"
EndProject
Global
	GlobalSection(SolutionConfigurationPlatforms) = preSolution
		Debug|Any CPU = Debug|Any CPU
		Release|Any CPU = Release|Any CPU
	EndGlobalSection
	GlobalSection(ProjectConfigurationPlatforms) = postSolution
		{5A230D2A-B47B-49A1-9920-3E257733E6BF}.Debug|Any CPU.ActiveCfg = Debug|Any CPU
		{5A230D2A-B47B-49A1-9920-3E257733E6BF}.Debug|Any CPU.Build.0 = Debug|Any CPU
		{5A230D2A-B47B-49A1-9920-3E257733E6BF}.Release|Any CPU.ActiveCfg = Release|Any CPU
		{5A230D2A-B47B-49A1-9920-3E257733E6BF}.Release|Any CPU.Build.0 = Release|Any CPU
	EndGlobalSection
	GlobalSection(SolutionProperties) = preSolution
		HideSolutionNode = FALSE
	EndGlobalSection
	GlobalSection(ExtensibilityGlobals) = postSolution
		SolutionGuid = {88343FA9-3B7E-42D9-A985-B04FF3EB316B}
	EndGlobalSection
EndGlobal
